version = 1
revision = 1
requires-python = ">=3.13"

[[package]]
name = "bdfparser"
version = "2.2.0"
source = { registry = "https://pypi.org/simple" }
sdist = { url = "https://files.pythonhosted.org/packages/e3/b7/8e2a9b806450254f1ae0d4e18e4d8612cf7561fb87a5a8395e369b3bf4b9/bdfparser-2.2.0.tar.gz", hash = "sha256:75cebd7c2f1ed5e5d0985763b255726a9538c602c7c5ca8639707aec54a58683", size = 14631 }
wheels = [
    { url = "https://files.pythonhosted.org/packages/2f/00/846b41165fd31b5668fe89bdbda9f44099d9df8760c3865404336af094a3/bdfparser-2.2.0-py3-none-any.whl", hash = "sha256:62ceed3b90b1fca050fcb414e70cc5b1f4551d57b088f9e7417678563eebf135", size = 12611 },
]

[[package]]
name = "fusion-pixel-font"
version = "0.1.0"
source = { virtual = "." }
dependencies = [
    { name = "bdfparser" },
]

[package.metadata]
requires-dist = [{ name = "bdfparser", specifier = ">=2.2.0" }]
