version = 1
revision = 1
requires-python = ">=3.13"

[[package]]
name = "appdirs"
version = "1.4.4"
source = { registry = "https://pypi.org/simple" }
sdist = { url = "https://files.pythonhosted.org/packages/d7/d8/05696357e0311f5b5c316d7b95f46c669dd9c15aaeecbb48c7d0aeb88c40/appdirs-1.4.4.tar.gz", hash = "sha256:7d5d0167b2b1ba821647616af46a749d1c653740dd0d2415100fe26e27afdf41", size = 13470 }
wheels = [
    { url = "https://files.pythonhosted.org/packages/3b/00/2344469e2084fb287c2e0b57b72910309874c3245463acd6cf5e3db69324/appdirs-1.4.4-py2.py3-none-any.whl", hash = "sha256:a841dacd6b99318a741b166adb07e19ee71a274450e68237b4650ca1055ab128", size = 9566 },
]

[[package]]
name = "bdfparser"
version = "2.2.0"
source = { registry = "https://pypi.org/simple" }
sdist = { url = "https://files.pythonhosted.org/packages/e3/b7/8e2a9b806450254f1ae0d4e18e4d8612cf7561fb87a5a8395e369b3bf4b9/bdfparser-2.2.0.tar.gz", hash = "sha256:75cebd7c2f1ed5e5d0985763b255726a9538c602c7c5ca8639707aec54a58683", size = 14631 }
wheels = [
    { url = "https://files.pythonhosted.org/packages/2f/00/846b41165fd31b5668fe89bdbda9f44099d9df8760c3865404336af094a3/bdfparser-2.2.0-py3-none-any.whl", hash = "sha256:62ceed3b90b1fca050fcb414e70cc5b1f4551d57b088f9e7417678563eebf135", size = 12611 },
]

[[package]]
name = "fusion-pixel-font"
version = "0.1.0"
source = { virtual = "." }
dependencies = [
    { name = "bdfparser" },
    { name = "ptpython" },
]

[package.metadata]
requires-dist = [
    { name = "bdfparser", specifier = ">=2.2.0" },
    { name = "ptpython", specifier = ">=3.0.29" },
]

[[package]]
name = "jedi"
version = "0.19.2"
source = { registry = "https://pypi.org/simple" }
dependencies = [
    { name = "parso" },
]
sdist = { url = "https://files.pythonhosted.org/packages/72/3a/79a912fbd4d8dd6fbb02bf69afd3bb72cf0c729bb3063c6f4498603db17a/jedi-0.19.2.tar.gz", hash = "sha256:4770dc3de41bde3966b02eb84fbcf557fb33cce26ad23da12c742fb50ecb11f0", size = 1231287 }
wheels = [
    { url = "https://files.pythonhosted.org/packages/c0/5a/9cac0c82afec3d09ccd97c8b6502d48f165f9124db81b4bcb90b4af974ee/jedi-0.19.2-py2.py3-none-any.whl", hash = "sha256:a8ef22bde8490f57fe5c7681a3c83cb58874daf72b4784de3cce5b6ef6edb5b9", size = 1572278 },
]

[[package]]
name = "parso"
version = "0.8.4"
source = { registry = "https://pypi.org/simple" }
sdist = { url = "https://files.pythonhosted.org/packages/66/94/68e2e17afaa9169cf6412ab0f28623903be73d1b32e208d9e8e541bb086d/parso-0.8.4.tar.gz", hash = "sha256:eb3a7b58240fb99099a345571deecc0f9540ea5f4dd2fe14c2a99d6b281ab92d", size = 400609 }
wheels = [
    { url = "https://files.pythonhosted.org/packages/c6/ac/dac4a63f978e4dcb3c6d3a78c4d8e0192a113d288502a1216950c41b1027/parso-0.8.4-py2.py3-none-any.whl", hash = "sha256:a418670a20291dacd2dddc80c377c5c3791378ee1e8d12bffc35420643d43f18", size = 103650 },
]

[[package]]
name = "prompt-toolkit"
version = "3.0.50"
source = { registry = "https://pypi.org/simple" }
dependencies = [
    { name = "wcwidth" },
]
sdist = { url = "https://files.pythonhosted.org/packages/a1/e1/bd15cb8ffdcfeeb2bdc215de3c3cffca11408d829e4b8416dcfe71ba8854/prompt_toolkit-3.0.50.tar.gz", hash = "sha256:544748f3860a2623ca5cd6d2795e7a14f3d0e1c3c9728359013f79877fc89bab", size = 429087 }
wheels = [
    { url = "https://files.pythonhosted.org/packages/e4/ea/d836f008d33151c7a1f62caf3d8dd782e4d15f6a43897f64480c2b8de2ad/prompt_toolkit-3.0.50-py3-none-any.whl", hash = "sha256:9b6427eb19e479d98acff65196a307c555eb567989e6d88ebbb1b509d9779198", size = 387816 },
]

[[package]]
name = "ptpython"
version = "3.0.29"
source = { registry = "https://pypi.org/simple" }
dependencies = [
    { name = "appdirs" },
    { name = "jedi" },
    { name = "prompt-toolkit" },
    { name = "pygments" },
]
sdist = { url = "https://files.pythonhosted.org/packages/56/61/352792c9f47de98a910526ff8a684466a6217e53ffa6627b3781960e4f0d/ptpython-3.0.29.tar.gz", hash = "sha256:b9d625183aef93a673fc32cbe1c1fcaf51412e7a4f19590521cdaccadf25186e", size = 72622 }
wheels = [
    { url = "https://files.pythonhosted.org/packages/0f/39/c6fd4dd531e067b6a01624126cff0b3ddc6569e22f83e48d8418ffa9e3be/ptpython-3.0.29-py2.py3-none-any.whl", hash = "sha256:65d75c4871859e4305a020c9b9e204366dceb4d08e0e2bd7b7511bd5e917a402", size = 67057 },
]

[[package]]
name = "pygments"
version = "2.19.1"
source = { registry = "https://pypi.org/simple" }
sdist = { url = "https://files.pythonhosted.org/packages/7c/2d/c3338d48ea6cc0feb8446d8e6937e1408088a72a39937982cc6111d17f84/pygments-2.19.1.tar.gz", hash = "sha256:61c16d2a8576dc0649d9f39e089b5f02bcd27fba10d8fb4dcc28173f7a45151f", size = 4968581 }
wheels = [
    { url = "https://files.pythonhosted.org/packages/8a/0b/9fcc47d19c48b59121088dd6da2488a49d5f72dacf8262e2790a1d2c7d15/pygments-2.19.1-py3-none-any.whl", hash = "sha256:9ea1544ad55cecf4b8242fab6dd35a93bbce657034b0611ee383099054ab6d8c", size = 1225293 },
]

[[package]]
name = "wcwidth"
version = "0.2.13"
source = { registry = "https://pypi.org/simple" }
sdist = { url = "https://files.pythonhosted.org/packages/6c/63/53559446a878410fc5a5974feb13d31d78d752eb18aeba59c7fef1af7598/wcwidth-0.2.13.tar.gz", hash = "sha256:72ea0c06399eb286d978fdedb6923a9eb47e1c486ce63e9b4e64fc18303972b5", size = 101301 }
wheels = [
    { url = "https://files.pythonhosted.org/packages/fd/84/fd2ba7aafacbad3c4201d395674fc6348826569da3c0937e75505ead3528/wcwidth-0.2.13-py2.py3-none-any.whl", hash = "sha256:3da69048e4540d84af32131829ff948f1e022c1c6bdb8d6102117aac784f6859", size = 34166 },
]
